{
  "name": "Webintegration",
  "lockfileVersion": 3,
  "requires": true,
  "packages": {
    "": {
      "dependencies": {
        "clevertap-web-sdk": "^1.6.9"
      }
    },
    "node_modules/clevertap-web-sdk": {
      "version": "1.6.9",
      "resolved": "https://registry.npmjs.org/clevertap-web-sdk/-/clevertap-web-sdk-1.6.9.tgz",
      "integrity": "sha512-puQZinQojrbyoPm3ReYzJWNsS44zC6zr+7+XQtbG3tsLH0q+w0AViNq4UsiBT0w63GTI4J/mBcZb5pIPC46ehQ=="
    }
  }
}
